
Microsoft Visual Studio Solution File, Format Version 12.00
# Visual Studio Version 17
VisualStudioVersion = 17.1.31903.286
MinimumVisualStudioVersion = 10.0.40219.1
Project("{9A19103F-16F7-4668-BE54-9A1E7A4F7556}") = "ConsoleApp1", "ConsoleApp1\ConsoleApp1.csproj", "{A0B85F4E-A136-44BA-85C6-AEC5E7701020}"
EndProject
Project("{9A19103F-16F7-4668-BE54-9A1E7A4F7556}") = "Day01", "Day01\Day01.csproj", "{EB78B18C-4636-48B7-A921-981AFEEDFD19}"
EndProject
Project("{9A19103F-16F7-4668-BE54-9A1E7A4F7556}") = "Day02", "Day02\Day02.csproj", "{FF2AD874-89EA-423F-BD72-69C927C15690}"
EndProject
Project("{9A19103F-16F7-4668-BE54-9A1E7A4F7556}") = "Day03", "Day03\Day03.csproj", "{9D7A1B1C-15E5-4374-A4FA-D808C5851C69}"
EndProject
Project("{9A19103F-16F7-4668-BE54-9A1E7A4F7556}") = "Day04", "Day04\Day04.csproj", "{224E1A49-B86F-4483-AD9E-0B0D2E593EC5}"
EndProject
Project("{9A19103F-16F7-4668-BE54-9A1E7A4F7556}") = "Day05", "Day05\Day05.csproj", "{CAEA2BB1-970F-49FE-B4D4-64E20A61B609}"
EndProject
Project("{9A19103F-16F7-4668-BE54-9A1E7A4F7556}") = "Day06", "Day06\Day06.csproj", "{23F417EE-697B-43A6-88C8-C85E6233A31F}"
EndProject
Project("{9A19103F-16F7-4668-BE54-9A1E7A4F7556}") = "Day07", "Day07\Day07.csproj", "{D51AC3B0-7308-46E2-8E47-9FE0844E40E4}"
EndProject
Project("{9A19103F-16F7-4668-BE54-9A1E7A4F7556}") = "Day08", "Day08\Day08.csproj", "{E0B3B748-A801-4017-A8CE-40FCBACF76D6}"
EndProject
Project("{9A19103F-16F7-4668-BE54-9A1E7A4F7556}") = "Day09", "Day09\Day09.csproj", "{026128D7-E832-461D-A425-27BE6965317B}"
EndProject
Project("{9A19103F-16F7-4668-BE54-9A1E7A4F7556}") = "Day10", "Day10\Day10.csproj", "{BDF608AA-F60E-4C12-90D4-745C8C476E44}"
EndProject
Project("{9A19103F-16F7-4668-BE54-9A1E7A4F7556}") = "Day11", "Day11\Day11.csproj", "{9F3066C4-6284-4B00-9475-BAD5D4E8A30A}"
EndProject
Project("{9A19103F-16F7-4668-BE54-9A1E7A4F7556}") = "Day12", "Day12\Day12.csproj", "{1A9065F1-9407-4C89-9C65-87BEAFD03303}"
EndProject
Project("{9A19103F-16F7-4668-BE54-9A1E7A4F7556}") = "Day13", "Day13\Day13.csproj", "{B8348B30-488D-4AE6-91C8-27142CC2CE6C}"
EndProject
Project("{9A19103F-16F7-4668-BE54-9A1E7A4F7556}") = "Day14", "Day14\Day14.csproj", "{D62AF8DC-93A5-4602-ACE5-D460296101A0}"
EndProject
Project("{9A19103F-16F7-4668-BE54-9A1E7A4F7556}") = "Day15", "Day15\Day15.csproj", "{52F45C0E-ADAB-4E54-93FF-40737376FBF3}"
EndProject
Project("{9A19103F-16F7-4668-BE54-9A1E7A4F7556}") = "Day16", "Day16\Day16.csproj", "{5567AA04-F315-4A19-A1C5-3B0FB3AEC460}"
EndProject
Project("{9A19103F-16F7-4668-BE54-9A1E7A4F7556}") = "Day17", "Day17\Day17.csproj", "{9B8EECAE-D819-459D-83E8-0C11D2991F8F}"
EndProject
Project("{9A19103F-16F7-4668-BE54-9A1E7A4F7556}") = "Day18", "Day18\Day18.csproj", "{D5E93DA1-47E3-448B-B971-B07D1342F78A}"
EndProject
Project("{9A19103F-16F7-4668-BE54-9A1E7A4F7556}") = "Day19", "Day19\Day19.csproj", "{247583CC-630D-4905-8C0A-433BFD28E9FE}"
EndProject
Project("{9A19103F-16F7-4668-BE54-9A1E7A4F7556}") = "Day20", "Day20\Day20.csproj", "{FDC1F022-DA24-4B7C-A03E-6AD1E630B30F}"
EndProject
Project("{9A19103F-16F7-4668-BE54-9A1E7A4F7556}") = "Day21", "Day21\Day21.csproj", "{17DC770C-442E-463F-881A-AE28C50F3580}"
EndProject
Project("{9A19103F-16F7-4668-BE54-9A1E7A4F7556}") = "Day22", "Day22\Day22.csproj", "{AF599786-C39E-4875-8B29-F84B7D5EB277}"
EndProject
Project("{9A19103F-16F7-4668-BE54-9A1E7A4F7556}") = "Day23", "Day23\Day23.csproj", "{8EC6BD51-3C3C-435A-A87A-D501E7244A78}"
EndProject
Project("{9A19103F-16F7-4668-BE54-9A1E7A4F7556}") = "Day24", "Day24\Day24.csproj", "{9646A022-073D-4877-9D52-8FE9BD4F20A3}"
EndProject
Project("{9A19103F-16F7-4668-BE54-9A1E7A4F7556}") = "Day25", "Day25\Day25.csproj", "{91F4F0C4-424C-4A07-B8E5-E1B6E1730CED}"
EndProject
Project("{2150E333-8FDC-42A3-9474-1A3956D46DE8}") = "Solution Items", "Solution Items", "{54CAE1E6-AB72-461F-872C-212E12DA4AD2}"
	ProjectSection(SolutionItems) = preProject
		.editorconfig = .editorconfig
		.gitattributes = .gitattributes
		.gitignore = .gitignore
	EndProjectSection
EndProject
Global
	GlobalSection(SolutionConfigurationPlatforms) = preSolution
		Debug|Any CPU = Debug|Any CPU
		Debug|x64 = Debug|x64
		Release|Any CPU = Release|Any CPU
		Release|x64 = Release|x64
	EndGlobalSection
	GlobalSection(ProjectConfigurationPlatforms) = postSolution
		{A0B85F4E-A136-44BA-85C6-AEC5E7701020}.Debug|Any CPU.ActiveCfg = Debug|Any CPU
		{A0B85F4E-A136-44BA-85C6-AEC5E7701020}.Debug|Any CPU.Build.0 = Debug|Any CPU
		{A0B85F4E-A136-44BA-85C6-AEC5E7701020}.Debug|x64.ActiveCfg = Debug|x64
		{A0B85F4E-A136-44BA-85C6-AEC5E7701020}.Debug|x64.Build.0 = Debug|x64
		{A0B85F4E-A136-44BA-85C6-AEC5E7701020}.Release|Any CPU.ActiveCfg = Release|Any CPU
		{A0B85F4E-A136-44BA-85C6-AEC5E7701020}.Release|Any CPU.Build.0 = Release|Any CPU
		{A0B85F4E-A136-44BA-85C6-AEC5E7701020}.Release|x64.ActiveCfg = Release|x64
		{A0B85F4E-A136-44BA-85C6-AEC5E7701020}.Release|x64.Build.0 = Release|x64
		{EB78B18C-4636-48B7-A921-981AFEEDFD19}.Debug|Any CPU.ActiveCfg = Debug|Any CPU
		{EB78B18C-4636-48B7-A921-981AFEEDFD19}.Debug|Any CPU.Build.0 = Debug|Any CPU
		{EB78B18C-4636-48B7-A921-981AFEEDFD19}.Debug|x64.ActiveCfg = Debug|Any CPU
		{EB78B18C-4636-48B7-A921-981AFEEDFD19}.Debug|x64.Build.0 = Debug|Any CPU
		{EB78B18C-4636-48B7-A921-981AFEEDFD19}.Release|Any CPU.ActiveCfg = Release|Any CPU
		{EB78B18C-4636-48B7-A921-981AFEEDFD19}.Release|Any CPU.Build.0 = Release|Any CPU
		{EB78B18C-4636-48B7-A921-981AFEEDFD19}.Release|x64.ActiveCfg = Release|Any CPU
		{EB78B18C-4636-48B7-A921-981AFEEDFD19}.Release|x64.Build.0 = Release|Any CPU
		{FF2AD874-89EA-423F-BD72-69C927C15690}.Debug|Any CPU.ActiveCfg = Debug|Any CPU
		{FF2AD874-89EA-423F-BD72-69C927C15690}.Debug|Any CPU.Build.0 = Debug|Any CPU
		{FF2AD874-89EA-423F-BD72-69C927C15690}.Debug|x64.ActiveCfg = Debug|Any CPU
		{FF2AD874-89EA-423F-BD72-69C927C15690}.Debug|x64.Build.0 = Debug|Any CPU
		{FF2AD874-89EA-423F-BD72-69C927C15690}.Release|Any CPU.ActiveCfg = Release|Any CPU
		{FF2AD874-89EA-423F-BD72-69C927C15690}.Release|Any CPU.Build.0 = Release|Any CPU
		{FF2AD874-89EA-423F-BD72-69C927C15690}.Release|x64.ActiveCfg = Release|Any CPU
		{FF2AD874-89EA-423F-BD72-69C927C15690}.Release|x64.Build.0 = Release|Any CPU
		{9D7A1B1C-15E5-4374-A4FA-D808C5851C69}.Debug|Any CPU.ActiveCfg = Debug|Any CPU
		{9D7A1B1C-15E5-4374-A4FA-D808C5851C69}.Debug|Any CPU.Build.0 = Debug|Any CPU
		{9D7A1B1C-15E5-4374-A4FA-D808C5851C69}.Debug|x64.ActiveCfg = Debug|Any CPU
		{9D7A1B1C-15E5-4374-A4FA-D808C5851C69}.Debug|x64.Build.0 = Debug|Any CPU
		{9D7A1B1C-15E5-4374-A4FA-D808C5851C69}.Release|Any CPU.ActiveCfg = Release|Any CPU
		{9D7A1B1C-15E5-4374-A4FA-D808C5851C69}.Release|Any CPU.Build.0 = Release|Any CPU
		{9D7A1B1C-15E5-4374-A4FA-D808C5851C69}.Release|x64.ActiveCfg = Release|Any CPU
		{9D7A1B1C-15E5-4374-A4FA-D808C5851C69}.Release|x64.Build.0 = Release|Any CPU
		{224E1A49-B86F-4483-AD9E-0B0D2E593EC5}.Debug|Any CPU.ActiveCfg = Debug|Any CPU
		{224E1A49-B86F-4483-AD9E-0B0D2E593EC5}.Debug|Any CPU.Build.0 = Debug|Any CPU
		{224E1A49-B86F-4483-AD9E-0B0D2E593EC5}.Debug|x64.ActiveCfg = Debug|Any CPU
		{224E1A49-B86F-4483-AD9E-0B0D2E593EC5}.Debug|x64.Build.0 = Debug|Any CPU
		{224E1A49-B86F-4483-AD9E-0B0D2E593EC5}.Release|Any CPU.ActiveCfg = Release|Any CPU
		{224E1A49-B86F-4483-AD9E-0B0D2E593EC5}.Release|Any CPU.Build.0 = Release|Any CPU
		{224E1A49-B86F-4483-AD9E-0B0D2E593EC5}.Release|x64.ActiveCfg = Release|Any CPU
		{224E1A49-B86F-4483-AD9E-0B0D2E593EC5}.Release|x64.Build.0 = Release|Any CPU
		{CAEA2BB1-970F-49FE-B4D4-64E20A61B609}.Debug|Any CPU.ActiveCfg = Debug|Any CPU
		{CAEA2BB1-970F-49FE-B4D4-64E20A61B609}.Debug|Any CPU.Build.0 = Debug|Any CPU
		{CAEA2BB1-970F-49FE-B4D4-64E20A61B609}.Debug|x64.ActiveCfg = Debug|Any CPU
		{CAEA2BB1-970F-49FE-B4D4-64E20A61B609}.Debug|x64.Build.0 = Debug|Any CPU
		{CAEA2BB1-970F-49FE-B4D4-64E20A61B609}.Release|Any CPU.ActiveCfg = Release|Any CPU
		{CAEA2BB1-970F-49FE-B4D4-64E20A61B609}.Release|Any CPU.Build.0 = Release|Any CPU
		{CAEA2BB1-970F-49FE-B4D4-64E20A61B609}.Release|x64.ActiveCfg = Release|Any CPU
		{CAEA2BB1-970F-49FE-B4D4-64E20A61B609}.Release|x64.Build.0 = Release|Any CPU
		{23F417EE-697B-43A6-88C8-C85E6233A31F}.Debug|Any CPU.ActiveCfg = Debug|Any CPU
		{23F417EE-697B-43A6-88C8-C85E6233A31F}.Debug|Any CPU.Build.0 = Debug|Any CPU
		{23F417EE-697B-43A6-88C8-C85E6233A31F}.Debug|x64.ActiveCfg = Debug|Any CPU
		{23F417EE-697B-43A6-88C8-C85E6233A31F}.Debug|x64.Build.0 = Debug|Any CPU
		{23F417EE-697B-43A6-88C8-C85E6233A31F}.Release|Any CPU.ActiveCfg = Release|Any CPU
		{23F417EE-697B-43A6-88C8-C85E6233A31F}.Release|Any CPU.Build.0 = Release|Any CPU
		{23F417EE-697B-43A6-88C8-C85E6233A31F}.Release|x64.ActiveCfg = Release|Any CPU
		{23F417EE-697B-43A6-88C8-C85E6233A31F}.Release|x64.Build.0 = Release|Any CPU
		{D51AC3B0-7308-46E2-8E47-9FE0844E40E4}.Debug|Any CPU.ActiveCfg = Debug|Any CPU
		{D51AC3B0-7308-46E2-8E47-9FE0844E40E4}.Debug|Any CPU.Build.0 = Debug|Any CPU
		{D51AC3B0-7308-46E2-8E47-9FE0844E40E4}.Debug|x64.ActiveCfg = Debug|Any CPU
		{D51AC3B0-7308-46E2-8E47-9FE0844E40E4}.Debug|x64.Build.0 = Debug|Any CPU
		{D51AC3B0-7308-46E2-8E47-9FE0844E40E4}.Release|Any CPU.ActiveCfg = Release|Any CPU
		{D51AC3B0-7308-46E2-8E47-9FE0844E40E4}.Release|Any CPU.Build.0 = Release|Any CPU
		{D51AC3B0-7308-46E2-8E47-9FE0844E40E4}.Release|x64.ActiveCfg = Release|Any CPU
		{D51AC3B0-7308-46E2-8E47-9FE0844E40E4}.Release|x64.Build.0 = Release|Any CPU
		{E0B3B748-A801-4017-A8CE-40FCBACF76D6}.Debug|Any CPU.ActiveCfg = Debug|Any CPU
		{E0B3B748-A801-4017-A8CE-40FCBACF76D6}.Debug|Any CPU.Build.0 = Debug|Any CPU
		{E0B3B748-A801-4017-A8CE-40FCBACF76D6}.Debug|x64.ActiveCfg = Debug|Any CPU
		{E0B3B748-A801-4017-A8CE-40FCBACF76D6}.Debug|x64.Build.0 = Debug|Any CPU
		{E0B3B748-A801-4017-A8CE-40FCBACF76D6}.Release|Any CPU.ActiveCfg = Release|Any CPU
		{E0B3B748-A801-4017-A8CE-40FCBACF76D6}.Release|Any CPU.Build.0 = Release|Any CPU
		{E0B3B748-A801-4017-A8CE-40FCBACF76D6}.Release|x64.ActiveCfg = Release|Any CPU
		{E0B3B748-A801-4017-A8CE-40FCBACF76D6}.Release|x64.Build.0 = Release|Any CPU
		{026128D7-E832-461D-A425-27BE6965317B}.Debug|Any CPU.ActiveCfg = Debug|Any CPU
		{026128D7-E832-461D-A425-27BE6965317B}.Debug|Any CPU.Build.0 = Debug|Any CPU
		{026128D7-E832-461D-A425-27BE6965317B}.Debug|x64.ActiveCfg = Debug|Any CPU
		{026128D7-E832-461D-A425-27BE6965317B}.Debug|x64.Build.0 = Debug|Any CPU
		{026128D7-E832-461D-A425-27BE6965317B}.Release|Any CPU.ActiveCfg = Release|Any CPU
		{026128D7-E832-461D-A425-27BE6965317B}.Release|Any CPU.Build.0 = Release|Any CPU
		{026128D7-E832-461D-A425-27BE6965317B}.Release|x64.ActiveCfg = Release|Any CPU
		{026128D7-E832-461D-A425-27BE6965317B}.Release|x64.Build.0 = Release|Any CPU
		{BDF608AA-F60E-4C12-90D4-745C8C476E44}.Debug|Any CPU.ActiveCfg = Debug|Any CPU
		{BDF608AA-F60E-4C12-90D4-745C8C476E44}.Debug|Any CPU.Build.0 = Debug|Any CPU
		{BDF608AA-F60E-4C12-90D4-745C8C476E44}.Debug|x64.ActiveCfg = Debug|Any CPU
		{BDF608AA-F60E-4C12-90D4-745C8C476E44}.Debug|x64.Build.0 = Debug|Any CPU
		{BDF608AA-F60E-4C12-90D4-745C8C476E44}.Release|Any CPU.ActiveCfg = Release|Any CPU
		{BDF608AA-F60E-4C12-90D4-745C8C476E44}.Release|Any CPU.Build.0 = Release|Any CPU
		{BDF608AA-F60E-4C12-90D4-745C8C476E44}.Release|x64.ActiveCfg = Release|Any CPU
		{BDF608AA-F60E-4C12-90D4-745C8C476E44}.Release|x64.Build.0 = Release|Any CPU
		{9F3066C4-6284-4B00-9475-BAD5D4E8A30A}.Debug|Any CPU.ActiveCfg = Debug|Any CPU
		{9F3066C4-6284-4B00-9475-BAD5D4E8A30A}.Debug|Any CPU.Build.0 = Debug|Any CPU
		{9F3066C4-6284-4B00-9475-BAD5D4E8A30A}.Debug|x64.ActiveCfg = Debug|Any CPU
		{9F3066C4-6284-4B00-9475-BAD5D4E8A30A}.Debug|x64.Build.0 = Debug|Any CPU
		{9F3066C4-6284-4B00-9475-BAD5D4E8A30A}.Release|Any CPU.ActiveCfg = Release|Any CPU
		{9F3066C4-6284-4B00-9475-BAD5D4E8A30A}.Release|Any CPU.Build.0 = Release|Any CPU
		{9F3066C4-6284-4B00-9475-BAD5D4E8A30A}.Release|x64.ActiveCfg = Release|Any CPU
		{9F3066C4-6284-4B00-9475-BAD5D4E8A30A}.Release|x64.Build.0 = Release|Any CPU
		{1A9065F1-9407-4C89-9C65-87BEAFD03303}.Debug|Any CPU.ActiveCfg = Debug|Any CPU
		{1A9065F1-9407-4C89-9C65-87BEAFD03303}.Debug|Any CPU.Build.0 = Debug|Any CPU
		{1A9065F1-9407-4C89-9C65-87BEAFD03303}.Debug|x64.ActiveCfg = Debug|Any CPU
		{1A9065F1-9407-4C89-9C65-87BEAFD03303}.Debug|x64.Build.0 = Debug|Any CPU
		{1A9065F1-9407-4C89-9C65-87BEAFD03303}.Release|Any CPU.ActiveCfg = Release|Any CPU
		{1A9065F1-9407-4C89-9C65-87BEAFD03303}.Release|Any CPU.Build.0 = Release|Any CPU
		{1A9065F1-9407-4C89-9C65-87BEAFD03303}.Release|x64.ActiveCfg = Release|Any CPU
		{1A9065F1-9407-4C89-9C65-87BEAFD03303}.Release|x64.Build.0 = Release|Any CPU
		{B8348B30-488D-4AE6-91C8-27142CC2CE6C}.Debug|Any CPU.ActiveCfg = Debug|Any CPU
		{B8348B30-488D-4AE6-91C8-27142CC2CE6C}.Debug|Any CPU.Build.0 = Debug|Any CPU
		{B8348B30-488D-4AE6-91C8-27142CC2CE6C}.Debug|x64.ActiveCfg = Debug|Any CPU
		{B8348B30-488D-4AE6-91C8-27142CC2CE6C}.Debug|x64.Build.0 = Debug|Any CPU
		{B8348B30-488D-4AE6-91C8-27142CC2CE6C}.Release|Any CPU.ActiveCfg = Release|Any CPU
		{B8348B30-488D-4AE6-91C8-27142CC2CE6C}.Release|Any CPU.Build.0 = Release|Any CPU
		{B8348B30-488D-4AE6-91C8-27142CC2CE6C}.Release|x64.ActiveCfg = Release|Any CPU
		{B8348B30-488D-4AE6-91C8-27142CC2CE6C}.Release|x64.Build.0 = Release|Any CPU
		{D62AF8DC-93A5-4602-ACE5-D460296101A0}.Debug|Any CPU.ActiveCfg = Debug|Any CPU
		{D62AF8DC-93A5-4602-ACE5-D460296101A0}.Debug|Any CPU.Build.0 = Debug|Any CPU
		{D62AF8DC-93A5-4602-ACE5-D460296101A0}.Debug|x64.ActiveCfg = Debug|Any CPU
		{D62AF8DC-93A5-4602-ACE5-D460296101A0}.Debug|x64.Build.0 = Debug|Any CPU
		{D62AF8DC-93A5-4602-ACE5-D460296101A0}.Release|Any CPU.ActiveCfg = Release|Any CPU
		{D62AF8DC-93A5-4602-ACE5-D460296101A0}.Release|Any CPU.Build.0 = Release|Any CPU
		{D62AF8DC-93A5-4602-ACE5-D460296101A0}.Release|x64.ActiveCfg = Release|Any CPU
		{D62AF8DC-93A5-4602-ACE5-D460296101A0}.Release|x64.Build.0 = Release|Any CPU
		{52F45C0E-ADAB-4E54-93FF-40737376FBF3}.Debug|Any CPU.ActiveCfg = Debug|Any CPU
		{52F45C0E-ADAB-4E54-93FF-40737376FBF3}.Debug|Any CPU.Build.0 = Debug|Any CPU
		{52F45C0E-ADAB-4E54-93FF-40737376FBF3}.Debug|x64.ActiveCfg = Debug|Any CPU
		{52F45C0E-ADAB-4E54-93FF-40737376FBF3}.Debug|x64.Build.0 = Debug|Any CPU
		{52F45C0E-ADAB-4E54-93FF-40737376FBF3}.Release|Any CPU.ActiveCfg = Release|Any CPU
		{52F45C0E-ADAB-4E54-93FF-40737376FBF3}.Release|Any CPU.Build.0 = Release|Any CPU
		{52F45C0E-ADAB-4E54-93FF-40737376FBF3}.Release|x64.ActiveCfg = Release|Any CPU
		{52F45C0E-ADAB-4E54-93FF-40737376FBF3}.Release|x64.Build.0 = Release|Any CPU
		{5567AA04-F315-4A19-A1C5-3B0FB3AEC460}.Debug|Any CPU.ActiveCfg = Debug|Any CPU
		{5567AA04-F315-4A19-A1C5-3B0FB3AEC460}.Debug|Any CPU.Build.0 = Debug|Any CPU
		{5567AA04-F315-4A19-A1C5-3B0FB3AEC460}.Debug|x64.ActiveCfg = Debug|Any CPU
		{5567AA04-F315-4A19-A1C5-3B0FB3AEC460}.Debug|x64.Build.0 = Debug|Any CPU
		{5567AA04-F315-4A19-A1C5-3B0FB3AEC460}.Release|Any CPU.ActiveCfg = Release|Any CPU
		{5567AA04-F315-4A19-A1C5-3B0FB3AEC460}.Release|Any CPU.Build.0 = Release|Any CPU
		{5567AA04-F315-4A19-A1C5-3B0FB3AEC460}.Release|x64.ActiveCfg = Release|Any CPU
		{5567AA04-F315-4A19-A1C5-3B0FB3AEC460}.Release|x64.Build.0 = Release|Any CPU
		{9B8EECAE-D819-459D-83E8-0C11D2991F8F}.Debug|Any CPU.ActiveCfg = Debug|Any CPU
		{9B8EECAE-D819-459D-83E8-0C11D2991F8F}.Debug|Any CPU.Build.0 = Debug|Any CPU
		{9B8EECAE-D819-459D-83E8-0C11D2991F8F}.Debug|x64.ActiveCfg = Debug|Any CPU
		{9B8EECAE-D819-459D-83E8-0C11D2991F8F}.Debug|x64.Build.0 = Debug|Any CPU
		{9B8EECAE-D819-459D-83E8-0C11D2991F8F}.Release|Any CPU.ActiveCfg = Release|Any CPU
		{9B8EECAE-D819-459D-83E8-0C11D2991F8F}.Release|Any CPU.Build.0 = Release|Any CPU
		{9B8EECAE-D819-459D-83E8-0C11D2991F8F}.Release|x64.ActiveCfg = Release|Any CPU
		{9B8EECAE-D819-459D-83E8-0C11D2991F8F}.Release|x64.Build.0 = Release|Any CPU
		{D5E93DA1-47E3-448B-B971-B07D1342F78A}.Debug|Any CPU.ActiveCfg = Debug|Any CPU
		{D5E93DA1-47E3-448B-B971-B07D1342F78A}.Debug|Any CPU.Build.0 = Debug|Any CPU
		{D5E93DA1-47E3-448B-B971-B07D1342F78A}.Debug|x64.ActiveCfg = Debug|Any CPU
		{D5E93DA1-47E3-448B-B971-B07D1342F78A}.Debug|x64.Build.0 = Debug|Any CPU
		{D5E93DA1-47E3-448B-B971-B07D1342F78A}.Release|Any CPU.ActiveCfg = Release|Any CPU
		{D5E93DA1-47E3-448B-B971-B07D1342F78A}.Release|Any CPU.Build.0 = Release|Any CPU
		{D5E93DA1-47E3-448B-B971-B07D1342F78A}.Release|x64.ActiveCfg = Release|Any CPU
		{D5E93DA1-47E3-448B-B971-B07D1342F78A}.Release|x64.Build.0 = Release|Any CPU
		{247583CC-630D-4905-8C0A-433BFD28E9FE}.Debug|Any CPU.ActiveCfg = Debug|Any CPU
		{247583CC-630D-4905-8C0A-433BFD28E9FE}.Debug|Any CPU.Build.0 = Debug|Any CPU
		{247583CC-630D-4905-8C0A-433BFD28E9FE}.Debug|x64.ActiveCfg = Debug|Any CPU
		{247583CC-630D-4905-8C0A-433BFD28E9FE}.Debug|x64.Build.0 = Debug|Any CPU
		{247583CC-630D-4905-8C0A-433BFD28E9FE}.Release|Any CPU.ActiveCfg = Release|Any CPU
		{247583CC-630D-4905-8C0A-433BFD28E9FE}.Release|Any CPU.Build.0 = Release|Any CPU
		{247583CC-630D-4905-8C0A-433BFD28E9FE}.Release|x64.ActiveCfg = Release|Any CPU
		{247583CC-630D-4905-8C0A-433BFD28E9FE}.Release|x64.Build.0 = Release|Any CPU
		{FDC1F022-DA24-4B7C-A03E-6AD1E630B30F}.Debug|Any CPU.ActiveCfg = Debug|Any CPU
		{FDC1F022-DA24-4B7C-A03E-6AD1E630B30F}.Debug|Any CPU.Build.0 = Debug|Any CPU
		{FDC1F022-DA24-4B7C-A03E-6AD1E630B30F}.Debug|x64.ActiveCfg = Debug|Any CPU
		{FDC1F022-DA24-4B7C-A03E-6AD1E630B30F}.Debug|x64.Build.0 = Debug|Any CPU
		{FDC1F022-DA24-4B7C-A03E-6AD1E630B30F}.Release|Any CPU.ActiveCfg = Release|Any CPU
		{FDC1F022-DA24-4B7C-A03E-6AD1E630B30F}.Release|Any CPU.Build.0 = Release|Any CPU
		{FDC1F022-DA24-4B7C-A03E-6AD1E630B30F}.Release|x64.ActiveCfg = Release|Any CPU
		{FDC1F022-DA24-4B7C-A03E-6AD1E630B30F}.Release|x64.Build.0 = Release|Any CPU
		{17DC770C-442E-463F-881A-AE28C50F3580}.Debug|Any CPU.ActiveCfg = Debug|Any CPU
		{17DC770C-442E-463F-881A-AE28C50F3580}.Debug|Any CPU.Build.0 = Debug|Any CPU
		{17DC770C-442E-463F-881A-AE28C50F3580}.Debug|x64.ActiveCfg = Debug|Any CPU
		{17DC770C-442E-463F-881A-AE28C50F3580}.Debug|x64.Build.0 = Debug|Any CPU
		{17DC770C-442E-463F-881A-AE28C50F3580}.Release|Any CPU.ActiveCfg = Release|Any CPU
		{17DC770C-442E-463F-881A-AE28C50F3580}.Release|Any CPU.Build.0 = Release|Any CPU
		{17DC770C-442E-463F-881A-AE28C50F3580}.Release|x64.ActiveCfg = Release|Any CPU
		{17DC770C-442E-463F-881A-AE28C50F3580}.Release|x64.Build.0 = Release|Any CPU
		{AF599786-C39E-4875-8B29-F84B7D5EB277}.Debug|Any CPU.ActiveCfg = Debug|Any CPU
		{AF599786-C39E-4875-8B29-F84B7D5EB277}.Debug|Any CPU.Build.0 = Debug|Any CPU
		{AF599786-C39E-4875-8B29-F84B7D5EB277}.Debug|x64.ActiveCfg = Debug|Any CPU
		{AF599786-C39E-4875-8B29-F84B7D5EB277}.Debug|x64.Build.0 = Debug|Any CPU
		{AF599786-C39E-4875-8B29-F84B7D5EB277}.Release|Any CPU.ActiveCfg = Release|Any CPU
		{AF599786-C39E-4875-8B29-F84B7D5EB277}.Release|Any CPU.Build.0 = Release|Any CPU
		{AF599786-C39E-4875-8B29-F84B7D5EB277}.Release|x64.ActiveCfg = Release|Any CPU
		{AF599786-C39E-4875-8B29-F84B7D5EB277}.Release|x64.Build.0 = Release|Any CPU
		{8EC6BD51-3C3C-435A-A87A-D501E7244A78}.Debug|Any CPU.ActiveCfg = Debug|Any CPU
		{8EC6BD51-3C3C-435A-A87A-D501E7244A78}.Debug|Any CPU.Build.0 = Debug|Any CPU
		{8EC6BD51-3C3C-435A-A87A-D501E7244A78}.Debug|x64.ActiveCfg = Debug|Any CPU
		{8EC6BD51-3C3C-435A-A87A-D501E7244A78}.Debug|x64.Build.0 = Debug|Any CPU
		{8EC6BD51-3C3C-435A-A87A-D501E7244A78}.Release|Any CPU.ActiveCfg = Release|Any CPU
		{8EC6BD51-3C3C-435A-A87A-D501E7244A78}.Release|Any CPU.Build.0 = Release|Any CPU
		{8EC6BD51-3C3C-435A-A87A-D501E7244A78}.Release|x64.ActiveCfg = Release|Any CPU
		{8EC6BD51-3C3C-435A-A87A-D501E7244A78}.Release|x64.Build.0 = Release|Any CPU
		{9646A022-073D-4877-9D52-8FE9BD4F20A3}.Debug|Any CPU.ActiveCfg = Debug|Any CPU
		{9646A022-073D-4877-9D52-8FE9BD4F20A3}.Debug|Any CPU.Build.0 = Debug|Any CPU
		{9646A022-073D-4877-9D52-8FE9BD4F20A3}.Debug|x64.ActiveCfg = Debug|Any CPU
		{9646A022-073D-4877-9D52-8FE9BD4F20A3}.Debug|x64.Build.0 = Debug|Any CPU
		{9646A022-073D-4877-9D52-8FE9BD4F20A3}.Release|Any CPU.ActiveCfg = Release|Any CPU
		{9646A022-073D-4877-9D52-8FE9BD4F20A3}.Release|Any CPU.Build.0 = Release|Any CPU
		{9646A022-073D-4877-9D52-8FE9BD4F20A3}.Release|x64.ActiveCfg = Release|Any CPU
		{9646A022-073D-4877-9D52-8FE9BD4F20A3}.Release|x64.Build.0 = Release|Any CPU
		{91F4F0C4-424C-4A07-B8E5-E1B6E1730CED}.Debug|Any CPU.ActiveCfg = Debug|Any CPU
		{91F4F0C4-424C-4A07-B8E5-E1B6E1730CED}.Debug|Any CPU.Build.0 = Debug|Any CPU
		{91F4F0C4-424C-4A07-B8E5-E1B6E1730CED}.Debug|x64.ActiveCfg = Debug|Any CPU
		{91F4F0C4-424C-4A07-B8E5-E1B6E1730CED}.Debug|x64.Build.0 = Debug|Any CPU
		{91F4F0C4-424C-4A07-B8E5-E1B6E1730CED}.Release|Any CPU.ActiveCfg = Release|Any CPU
		{91F4F0C4-424C-4A07-B8E5-E1B6E1730CED}.Release|Any CPU.Build.0 = Release|Any CPU
		{91F4F0C4-424C-4A07-B8E5-E1B6E1730CED}.Release|x64.ActiveCfg = Release|Any CPU
		{91F4F0C4-424C-4A07-B8E5-E1B6E1730CED}.Release|x64.Build.0 = Release|Any CPU
	EndGlobalSection
	GlobalSection(SolutionProperties) = preSolution
		HideSolutionNode = FALSE
	EndGlobalSection
	GlobalSection(ExtensibilityGlobals) = postSolution
		SolutionGuid = {5F31B30C-2FFD-43C1-B684-30F5235D7B7B}
	EndGlobalSection
EndGlobal
